// !$*UTF8*$!
{
	archiveVersion = 1;
	classes = {
	};
	objectVersion = 48;
	objects = {

/* Begin PBXBuildFile section */
		0106AE15ED7770C146C17133 /* Pods_MaggysCleaningServices.framework in Frameworks */ = {isa = PBXBuildFile; fileRef = 5116D1CA9BD2DCEFB9EC118C /* Pods_MaggysCleaningServices.framework */; };
		D33E7A2C1FE83D4700A8B5D6 /* Tab.storyboard in Resources */ = {isa = PBXBuildFile; fileRef = D33E7A2B1FE83D4700A8B5D6 /* Tab.storyboard */; };
		D33E7A2E1FE83F2800A8B5D6 /* UsersVC.storyboard in Resources */ = {isa = PBXBuildFile; fileRef = D33E7A2D1FE83F2800A8B5D6 /* UsersVC.storyboard */; };
		D33E7A301FE858EB00A8B5D6 /* UserVC.swift in Sources */ = {isa = PBXBuildFile; fileRef = D33E7A2F1FE858EB00A8B5D6 /* UserVC.swift */; };
		D33E7A321FE9673A00A8B5D6 /* UserEditViewController.swift in Sources */ = {isa = PBXBuildFile; fileRef = D33E7A311FE9673A00A8B5D6 /* UserEditViewController.swift */; };
		D341C4F11FE9AE6D00AAB592 /* Users.swift in Sources */ = {isa = PBXBuildFile; fileRef = D341C4F01FE9AE6D00AAB592 /* Users.swift */; };
		D341C4F31FE9B00400AAB592 /* UserController.swift in Sources */ = {isa = PBXBuildFile; fileRef = D341C4F21FE9B00400AAB592 /* UserController.swift */; };
		D37120861FE0ED7E007C5640 /* EventsTableViewController.swift in Sources */ = {isa = PBXBuildFile; fileRef = D37120851FE0ED7E007C5640 /* EventsTableViewController.swift */; };
		D3A3C3CA1FD9AD5A00CF20AE /* Appointments.swift in Sources */ = {isa = PBXBuildFile; fileRef = D3A3C3C91FD9AD5A00CF20AE /* Appointments.swift */; };
		D3A3C3CD1FDB030700CF20AE /* Extentions.swift in Sources */ = {isa = PBXBuildFile; fileRef = D3A3C3CC1FDB030700CF20AE /* Extentions.swift */; };
		D3C19CE21FD5F04600AF63E0 /* AppDelegate.swift in Sources */ = {isa = PBXBuildFile; fileRef = D3C19CE11FD5F04600AF63E0 /* AppDelegate.swift */; };
		D3C19CE91FD5F04600AF63E0 /* Assets.xcassets in Resources */ = {isa = PBXBuildFile; fileRef = D3C19CE81FD5F04600AF63E0 /* Assets.xcassets */; };
		D3C19CEC1FD5F04600AF63E0 /* LaunchScreen.storyboard in Resources */ = {isa = PBXBuildFile; fileRef = D3C19CEA1FD5F04600AF63E0 /* LaunchScreen.storyboard */; };
		D3C19CF41FD5F35D00AF63E0 /* GoogleService-Info.plist in Resources */ = {isa = PBXBuildFile; fileRef = D3C19CF31FD5F35D00AF63E0 /* GoogleService-Info.plist */; };
		D3C19CF71FD5F47000AF63E0 /* DataService.swift in Sources */ = {isa = PBXBuildFile; fileRef = D3C19CF61FD5F47000AF63E0 /* DataService.swift */; };
		D3C19D011FD5F80E00AF63E0 /* AuthService.swift in Sources */ = {isa = PBXBuildFile; fileRef = D3C19D001FD5F80E00AF63E0 /* AuthService.swift */; };
		D3DE98AE1FD6FFDF00C6BE86 /* LoginVC.storyboard in Resources */ = {isa = PBXBuildFile; fileRef = D3DE98AD1FD6FFDF00C6BE86 /* LoginVC.storyboard */; };
		D3DE98B01FD7031100C6BE86 /* AdminAuthSevice.swift in Sources */ = {isa = PBXBuildFile; fileRef = D3DE98AF1FD7031100C6BE86 /* AdminAuthSevice.swift */; };
		D3DE98B51FD7057F00C6BE86 /* FirstViewController.swift in Sources */ = {isa = PBXBuildFile; fileRef = D3DE98B41FD7057F00C6BE86 /* FirstViewController.swift */; };
		D3DE98B71FD7069F00C6BE86 /* LoginViewController.swift in Sources */ = {isa = PBXBuildFile; fileRef = D3DE98B61FD7069F00C6BE86 /* LoginViewController.swift */; };
		D3DE98B91FD70B9000C6BE86 /* SignUpViewController.swift in Sources */ = {isa = PBXBuildFile; fileRef = D3DE98B81FD70B9000C6BE86 /* SignUpViewController.swift */; };
		D3DE98BB1FD7363200C6BE86 /* CalendarVC.storyboard in Resources */ = {isa = PBXBuildFile; fileRef = D3DE98BA1FD7363200C6BE86 /* CalendarVC.storyboard */; };
		D3DE98C01FD7440F00C6BE86 /* CustomCell.swift in Sources */ = {isa = PBXBuildFile; fileRef = D3DE98BF1FD7440F00C6BE86 /* CustomCell.swift */; };
		D3DE98C21FD7454D00C6BE86 /* CalendarViewController.swift in Sources */ = {isa = PBXBuildFile; fileRef = D3DE98C11FD7454D00C6BE86 /* CalendarViewController.swift */; };
/* End PBXBuildFile section */

/* Begin PBXFileReference section */
		3A3C4228FB011DD55757C0BA /* Pods-MaggysCleaningServices.debug.xcconfig */ = {isa = PBXFileReference; includeInIndex = 1; lastKnownFileType = text.xcconfig; name = "Pods-MaggysCleaningServices.debug.xcconfig"; path = "Pods/Target Support Files/Pods-MaggysCleaningServices/Pods-MaggysCleaningServices.debug.xcconfig"; sourceTree = "<group>"; };
		5116D1CA9BD2DCEFB9EC118C /* Pods_MaggysCleaningServices.framework */ = {isa = PBXFileReference; explicitFileType = wrapper.framework; includeInIndex = 0; path = Pods_MaggysCleaningServices.framework; sourceTree = BUILT_PRODUCTS_DIR; };
		742F76347EFF4C16A2565A9B /* Pods-MaggysCleaningServices.release.xcconfig */ = {isa = PBXFileReference; includeInIndex = 1; lastKnownFileType = text.xcconfig; name = "Pods-MaggysCleaningServices.release.xcconfig"; path = "Pods/Target Support Files/Pods-MaggysCleaningServices/Pods-MaggysCleaningServices.release.xcconfig"; sourceTree = "<group>"; };
		D33E7A2B1FE83D4700A8B5D6 /* Tab.storyboard */ = {isa = PBXFileReference; lastKnownFileType = file.storyboard; path = Tab.storyboard; sourceTree = "<group>"; };
		D33E7A2D1FE83F2800A8B5D6 /* UsersVC.storyboard */ = {isa = PBXFileReference; lastKnownFileType = file.storyboard; path = UsersVC.storyboard; sourceTree = "<group>"; };
		D33E7A2F1FE858EB00A8B5D6 /* UserVC.swift */ = {isa = PBXFileReference; lastKnownFileType = sourcecode.swift; path = UserVC.swift; sourceTree = "<group>"; };
		D33E7A311FE9673A00A8B5D6 /* UserEditViewController.swift */ = {isa = PBXFileReference; lastKnownFileType = sourcecode.swift; path = UserEditViewController.swift; sourceTree = "<group>"; };
		D341C4F01FE9AE6D00AAB592 /* Users.swift */ = {isa = PBXFileReference; lastKnownFileType = sourcecode.swift; path = Users.swift; sourceTree = "<group>"; };
		D341C4F21FE9B00400AAB592 /* UserController.swift */ = {isa = PBXFileReference; lastKnownFileType = sourcecode.swift; path = UserController.swift; sourceTree = "<group>"; };
		D37120851FE0ED7E007C5640 /* EventsTableViewController.swift */ = {isa = PBXFileReference; lastKnownFileType = sourcecode.swift; path = EventsTableViewController.swift; sourceTree = "<group>"; };
		D3A3C3C91FD9AD5A00CF20AE /* Appointments.swift */ = {isa = PBXFileReference; lastKnownFileType = sourcecode.swift; path = Appointments.swift; sourceTree = "<group>"; };
		D3A3C3CC1FDB030700CF20AE /* Extentions.swift */ = {isa = PBXFileReference; lastKnownFileType = sourcecode.swift; path = Extentions.swift; sourceTree = "<group>"; };
		D3C19CDE1FD5F04600AF63E0 /* MaggysCleaningServices.app */ = {isa = PBXFileReference; explicitFileType = wrapper.application; includeInIndex = 0; path = MaggysCleaningServices.app; sourceTree = BUILT_PRODUCTS_DIR; };
		D3C19CE11FD5F04600AF63E0 /* AppDelegate.swift */ = {isa = PBXFileReference; lastKnownFileType = sourcecode.swift; path = AppDelegate.swift; sourceTree = "<group>"; };
		D3C19CE81FD5F04600AF63E0 /* Assets.xcassets */ = {isa = PBXFileReference; lastKnownFileType = folder.assetcatalog; path = Assets.xcassets; sourceTree = "<group>"; };
		D3C19CEB1FD5F04600AF63E0 /* Base */ = {isa = PBXFileReference; lastKnownFileType = file.storyboard; name = Base; path = Base.lproj/LaunchScreen.storyboard; sourceTree = "<group>"; };
		D3C19CED1FD5F04600AF63E0 /* Info.plist */ = {isa = PBXFileReference; lastKnownFileType = text.plist.xml; path = Info.plist; sourceTree = "<group>"; };
		D3C19CF31FD5F35D00AF63E0 /* GoogleService-Info.plist */ = {isa = PBXFileReference; fileEncoding = 4; lastKnownFileType = text.plist.xml; path = "GoogleService-Info.plist"; sourceTree = "<group>"; };
		D3C19CF61FD5F47000AF63E0 /* DataService.swift */ = {isa = PBXFileReference; lastKnownFileType = sourcecode.swift; path = DataService.swift; sourceTree = "<group>"; };
		D3C19D001FD5F80E00AF63E0 /* AuthService.swift */ = {isa = PBXFileReference; lastKnownFileType = sourcecode.swift; path = AuthService.swift; sourceTree = "<group>"; };
		D3DE98AD1FD6FFDF00C6BE86 /* LoginVC.storyboard */ = {isa = PBXFileReference; fileEncoding = 4; lastKnownFileType = file.storyboard; path = LoginVC.storyboard; sourceTree = "<group>"; };
		D3DE98AF1FD7031100C6BE86 /* AdminAuthSevice.swift */ = {isa = PBXFileReference; lastKnownFileType = sourcecode.swift; path = AdminAuthSevice.swift; sourceTree = "<group>"; };
		D3DE98B41FD7057F00C6BE86 /* FirstViewController.swift */ = {isa = PBXFileReference; lastKnownFileType = sourcecode.swift; path = FirstViewController.swift; sourceTree = "<group>"; };
		D3DE98B61FD7069F00C6BE86 /* LoginViewController.swift */ = {isa = PBXFileReference; lastKnownFileType = sourcecode.swift; path = LoginViewController.swift; sourceTree = "<group>"; };
		D3DE98B81FD70B9000C6BE86 /* SignUpViewController.swift */ = {isa = PBXFileReference; lastKnownFileType = sourcecode.swift; path = SignUpViewController.swift; sourceTree = "<group>"; };
		D3DE98BA1FD7363200C6BE86 /* CalendarVC.storyboard */ = {isa = PBXFileReference; lastKnownFileType = file.storyboard; path = CalendarVC.storyboard; sourceTree = "<group>"; };
		D3DE98BF1FD7440F00C6BE86 /* CustomCell.swift */ = {isa = PBXFileReference; lastKnownFileType = sourcecode.swift; path = CustomCell.swift; sourceTree = "<group>"; };
		D3DE98C11FD7454D00C6BE86 /* CalendarViewController.swift */ = {isa = PBXFileReference; lastKnownFileType = sourcecode.swift; path = CalendarViewController.swift; sourceTree = "<group>"; };
/* End PBXFileReference section */

/* Begin PBXFrameworksBuildPhase section */
		D3C19CDB1FD5F04600AF63E0 /* Frameworks */ = {
			isa = PBXFrameworksBuildPhase;
			buildActionMask = 2147483647;
			files = (
				0106AE15ED7770C146C17133 /* Pods_MaggysCleaningServices.framework in Frameworks */,
			);
			runOnlyForDeploymentPostprocessing = 0;
		};
/* End PBXFrameworksBuildPhase section */

/* Begin PBXGroup section */
		712D512A8B2CE834AC646227 /* Pods */ = {
			isa = PBXGroup;
			children = (
				3A3C4228FB011DD55757C0BA /* Pods-MaggysCleaningServices.debug.xcconfig */,
				742F76347EFF4C16A2565A9B /* Pods-MaggysCleaningServices.release.xcconfig */,
			);
			name = Pods;
			sourceTree = "<group>";
		};
		D3A3C3CB1FDB02F500CF20AE /* Helpers */ = {
			isa = PBXGroup;
			children = (
				D3A3C3CC1FDB030700CF20AE /* Extentions.swift */,
			);
			path = Helpers;
			sourceTree = "<group>";
		};
		D3C19CD51FD5F04600AF63E0 = {
			isa = PBXGroup;
			children = (
				D3C19CE01FD5F04600AF63E0 /* MaggysCleaningServices */,
				D3C19CDF1FD5F04600AF63E0 /* Products */,
				712D512A8B2CE834AC646227 /* Pods */,
				FAE4A4783EB3D040431A27FB /* Frameworks */,
			);
			sourceTree = "<group>";
		};
		D3C19CDF1FD5F04600AF63E0 /* Products */ = {
			isa = PBXGroup;
			children = (
				D3C19CDE1FD5F04600AF63E0 /* MaggysCleaningServices.app */,
			);
			name = Products;
			sourceTree = "<group>";
		};
		D3C19CE01FD5F04600AF63E0 /* MaggysCleaningServices */ = {
			isa = PBXGroup;
			children = (
				D3A3C3CB1FDB02F500CF20AE /* Helpers */,
				D3DE98BC1FD7436800C6BE86 /* Views */,
				D3C19CF51FD5F45200AF63E0 /* Services */,
				D3C19CF81FD5F4E800AF63E0 /* Storyboards */,
				D3C19CFE1FD5F65F00AF63E0 /* Model */,
				D3DE98B11FD7051400C6BE86 /* ViewControllers */,
				D3C19CE11FD5F04600AF63E0 /* AppDelegate.swift */,
				D3C19CE81FD5F04600AF63E0 /* Assets.xcassets */,
				D3C19CED1FD5F04600AF63E0 /* Info.plist */,
				D3C19CF31FD5F35D00AF63E0 /* GoogleService-Info.plist */,
			);
			path = MaggysCleaningServices;
			sourceTree = "<group>";
		};
		D3C19CF51FD5F45200AF63E0 /* Services */ = {
			isa = PBXGroup;
			children = (
				D3C19CF61FD5F47000AF63E0 /* DataService.swift */,
				D3C19D001FD5F80E00AF63E0 /* AuthService.swift */,
				D3DE98AF1FD7031100C6BE86 /* AdminAuthSevice.swift */,
				D341C4F21FE9B00400AAB592 /* UserController.swift */,
			);
			path = Services;
			sourceTree = "<group>";
		};
		D3C19CF81FD5F4E800AF63E0 /* Storyboards */ = {
			isa = PBXGroup;
			children = (
				D3DE98AD1FD6FFDF00C6BE86 /* LoginVC.storyboard */,
				D3DE98BA1FD7363200C6BE86 /* CalendarVC.storyboard */,
				D3C19CEA1FD5F04600AF63E0 /* LaunchScreen.storyboard */,
				D33E7A2B1FE83D4700A8B5D6 /* Tab.storyboard */,
				D33E7A2D1FE83F2800A8B5D6 /* UsersVC.storyboard */,
			);
			path = Storyboards;
			sourceTree = "<group>";
		};
		D3C19CFE1FD5F65F00AF63E0 /* Model */ = {
			isa = PBXGroup;
			children = (
				D3A3C3C91FD9AD5A00CF20AE /* Appointments.swift */,
				D341C4F01FE9AE6D00AAB592 /* Users.swift */,
			);
			path = Model;
			sourceTree = "<group>";
		};
		D3DE98B11FD7051400C6BE86 /* ViewControllers */ = {
			isa = PBXGroup;
			children = (
				D3DE98B41FD7057F00C6BE86 /* FirstViewController.swift */,
				D3DE98B61FD7069F00C6BE86 /* LoginViewController.swift */,
				D3DE98B81FD70B9000C6BE86 /* SignUpViewController.swift */,
				D3DE98C11FD7454D00C6BE86 /* CalendarViewController.swift */,
				D37120851FE0ED7E007C5640 /* EventsTableViewController.swift */,
				D33E7A2F1FE858EB00A8B5D6 /* UserVC.swift */,
				D33E7A311FE9673A00A8B5D6 /* UserEditViewController.swift */,
			);
			path = ViewControllers;
			sourceTree = "<group>";
		};
		D3DE98BC1FD7436800C6BE86 /* Views */ = {
			isa = PBXGroup;
			children = (
				D3DE98BF1FD7440F00C6BE86 /* CustomCell.swift */,
			);
			path = Views;
			sourceTree = "<group>";
		};
		FAE4A4783EB3D040431A27FB /* Frameworks */ = {
			isa = PBXGroup;
			children = (
				5116D1CA9BD2DCEFB9EC118C /* Pods_MaggysCleaningServices.framework */,
			);
			name = Frameworks;
			sourceTree = "<group>";
		};
/* End PBXGroup section */

/* Begin PBXNativeTarget section */
		D3C19CDD1FD5F04600AF63E0 /* MaggysCleaningServices */ = {
			isa = PBXNativeTarget;
			buildConfigurationList = D3C19CF01FD5F04600AF63E0 /* Build configuration list for PBXNativeTarget "MaggysCleaningServices" */;
			buildPhases = (
				AB28AF7CDFD0060AE9EF4C53 /* [CP] Check Pods Manifest.lock */,
				D3C19CDA1FD5F04600AF63E0 /* Sources */,
				D3C19CDB1FD5F04600AF63E0 /* Frameworks */,
				D3C19CDC1FD5F04600AF63E0 /* Resources */,
				C59D3B64C9245EB4880BC1D6 /* [CP] Embed Pods Frameworks */,
				E70C33F613AC55694CBBA6B6 /* [CP] Copy Pods Resources */,
			);
			buildRules = (
			);
			dependencies = (
			);
			name = MaggysCleaningServices;
			productName = MaggysCleaningServices;
			productReference = D3C19CDE1FD5F04600AF63E0 /* MaggysCleaningServices.app */;
			productType = "com.apple.product-type.application";
		};
/* End PBXNativeTarget section */

/* Begin PBXProject section */
		D3C19CD61FD5F04600AF63E0 /* Project object */ = {
			isa = PBXProject;
			attributes = {
				LastSwiftUpdateCheck = 0910;
				LastUpgradeCheck = 0910;
				ORGANIZATIONNAME = "Brian Licea";
				TargetAttributes = {
					D3C19CDD1FD5F04600AF63E0 = {
						CreatedOnToolsVersion = 9.1;
						ProvisioningStyle = Automatic;
					};
				};
			};
			buildConfigurationList = D3C19CD91FD5F04600AF63E0 /* Build configuration list for PBXProject "MaggysCleaningServices" */;
			compatibilityVersion = "Xcode 8.0";
			developmentRegion = en;
			hasScannedForEncodings = 0;
			knownRegions = (
				en,
				Base,
			);
			mainGroup = D3C19CD51FD5F04600AF63E0;
			productRefGroup = D3C19CDF1FD5F04600AF63E0 /* Products */;
			projectDirPath = "";
			projectRoot = "";
			targets = (
				D3C19CDD1FD5F04600AF63E0 /* MaggysCleaningServices */,
			);
		};
/* End PBXProject section */

/* Begin PBXResourcesBuildPhase section */
		D3C19CDC1FD5F04600AF63E0 /* Resources */ = {
			isa = PBXResourcesBuildPhase;
			buildActionMask = 2147483647;
			files = (
				D3DE98BB1FD7363200C6BE86 /* CalendarVC.storyboard in Resources */,
				D33E7A2C1FE83D4700A8B5D6 /* Tab.storyboard in Resources */,
				D3C19CEC1FD5F04600AF63E0 /* LaunchScreen.storyboard in Resources */,
				D33E7A2E1FE83F2800A8B5D6 /* UsersVC.storyboard in Resources */,
				D3DE98AE1FD6FFDF00C6BE86 /* LoginVC.storyboard in Resources */,
				D3C19CF41FD5F35D00AF63E0 /* GoogleService-Info.plist in Resources */,
				D3C19CE91FD5F04600AF63E0 /* Assets.xcassets in Resources */,
			);
			runOnlyForDeploymentPostprocessing = 0;
		};
/* End PBXResourcesBuildPhase section */

/* Begin PBXShellScriptBuildPhase section */
		AB28AF7CDFD0060AE9EF4C53 /* [CP] Check Pods Manifest.lock */ = {
			isa = PBXShellScriptBuildPhase;
			buildActionMask = 2147483647;
			files = (
			);
			inputPaths = (
				"${PODS_PODFILE_DIR_PATH}/Podfile.lock",
				"${PODS_ROOT}/Manifest.lock",
			);
			name = "[CP] Check Pods Manifest.lock";
			outputPaths = (
				"$(DERIVED_FILE_DIR)/Pods-MaggysCleaningServices-checkManifestLockResult.txt",
			);
			runOnlyForDeploymentPostprocessing = 0;
			shellPath = /bin/sh;
			shellScript = "diff \"${PODS_PODFILE_DIR_PATH}/Podfile.lock\" \"${PODS_ROOT}/Manifest.lock\" > /dev/null\nif [ $? != 0 ] ; then\n    # print error to STDERR\n    echo \"error: The sandbox is not in sync with the Podfile.lock. Run 'pod install' or update your CocoaPods installation.\" >&2\n    exit 1\nfi\n# This output is used by Xcode 'outputs' to avoid re-running this script phase.\necho \"SUCCESS\" > \"${SCRIPT_OUTPUT_FILE_0}\"\n";
			showEnvVarsInLog = 0;
		};
		C59D3B64C9245EB4880BC1D6 /* [CP] Embed Pods Frameworks */ = {
			isa = PBXShellScriptBuildPhase;
			buildActionMask = 2147483647;
			files = (
			);
			inputPaths = (
				"${SRCROOT}/Pods/Target Support Files/Pods-MaggysCleaningServices/Pods-MaggysCleaningServices-frameworks.sh",
				"${BUILT_PRODUCTS_DIR}/GTMSessionFetcher/GTMSessionFetcher.framework",
				"${BUILT_PRODUCTS_DIR}/GoogleToolboxForMac/GoogleToolboxForMac.framework",
				"${BUILT_PRODUCTS_DIR}/JTAppleCalendar/JTAppleCalendar.framework",
				"${BUILT_PRODUCTS_DIR}/leveldb-library/leveldb.framework",
				"${BUILT_PRODUCTS_DIR}/nanopb/nanopb.framework",
			);
			name = "[CP] Embed Pods Frameworks";
			outputPaths = (
				"${TARGET_BUILD_DIR}/${FRAMEWORKS_FOLDER_PATH}/GTMSessionFetcher.framework",
				"${TARGET_BUILD_DIR}/${FRAMEWORKS_FOLDER_PATH}/GoogleToolboxForMac.framework",
				"${TARGET_BUILD_DIR}/${FRAMEWORKS_FOLDER_PATH}/JTAppleCalendar.framework",
				"${TARGET_BUILD_DIR}/${FRAMEWORKS_FOLDER_PATH}/leveldb.framework",
				"${TARGET_BUILD_DIR}/${FRAMEWORKS_FOLDER_PATH}/nanopb.framework",
			);
			runOnlyForDeploymentPostprocessing = 0;
			shellPath = /bin/sh;
			shellScript = "\"${SRCROOT}/Pods/Target Support Files/Pods-MaggysCleaningServices/Pods-MaggysCleaningServices-frameworks.sh\"\n";
			showEnvVarsInLog = 0;
		};
		E70C33F613AC55694CBBA6B6 /* [CP] Copy Pods Resources */ = {
			isa = PBXShellScriptBuildPhase;
			buildActionMask = 2147483647;
			files = (
			);
			inputPaths = (
			);
			name = "[CP] Copy Pods Resources";
			outputPaths = (
			);
			runOnlyForDeploymentPostprocessing = 0;
			shellPath = /bin/sh;
			shellScript = "\"${SRCROOT}/Pods/Target Support Files/Pods-MaggysCleaningServices/Pods-MaggysCleaningServices-resources.sh\"\n";
			showEnvVarsInLog = 0;
		};
/* End PBXShellScriptBuildPhase section */

/* Begin PBXSourcesBuildPhase section */
		D3C19CDA1FD5F04600AF63E0 /* Sources */ = {
			isa = PBXSourcesBuildPhase;
			buildActionMask = 2147483647;
			files = (
				D3DE98B71FD7069F00C6BE86 /* LoginViewController.swift in Sources */,
				D33E7A321FE9673A00A8B5D6 /* UserEditViewController.swift in Sources */,
				D341C4F31FE9B00400AAB592 /* UserController.swift in Sources */,
				D3DE98B91FD70B9000C6BE86 /* SignUpViewController.swift in Sources */,
				D37120861FE0ED7E007C5640 /* EventsTableViewController.swift in Sources */,
				D3C19CF71FD5F47000AF63E0 /* DataService.swift in Sources */,
				D3A3C3CD1FDB030700CF20AE /* Extentions.swift in Sources */,
				D3C19CE21FD5F04600AF63E0 /* AppDelegate.swift in Sources */,
				D341C4F11FE9AE6D00AAB592 /* Users.swift in Sources */,
				D3DE98B01FD7031100C6BE86 /* AdminAuthSevice.swift in Sources */,
				D3DE98B51FD7057F00C6BE86 /* FirstViewController.swift in Sources */,
				D3DE98C21FD7454D00C6BE86 /* CalendarViewController.swift in Sources */,
				D3A3C3CA1FD9AD5A00CF20AE /* Appointments.swift in Sources */,
				D33E7A301FE858EB00A8B5D6 /* UserVC.swift in Sources */,
				D3C19D011FD5F80E00AF63E0 /* AuthService.swift in Sources */,
				D3DE98C01FD7440F00C6BE86 /* CustomCell.swift in Sources */,
			);
			runOnlyForDeploymentPostprocessing = 0;
		};
/* End PBXSourcesBuildPhase section */

/* Begin PBXVariantGroup section */
		D3C19CEA1FD5F04600AF63E0 /* LaunchScreen.storyboard */ = {
			isa = PBXVariantGroup;
			children = (
				D3C19CEB1FD5F04600AF63E0 /* Base */,
			);
			name = LaunchScreen.storyboard;
			sourceTree = "<group>";
		};
/* End PBXVariantGroup section */

/* Begin XCBuildConfiguration section */
		D3C19CEE1FD5F04600AF63E0 /* Debug */ = {
			isa = XCBuildConfiguration;
			buildSettings = {
				ALWAYS_SEARCH_USER_PATHS = NO;
				CLANG_ANALYZER_NONNULL = YES;
				CLANG_ANALYZER_NUMBER_OBJECT_CONVERSION = YES_AGGRESSIVE;
				CLANG_CXX_LANGUAGE_STANDARD = "gnu++14";
				CLANG_CXX_LIBRARY = "libc++";
				CLANG_ENABLE_MODULES = YES;
				CLANG_ENABLE_OBJC_ARC = YES;
				CLANG_WARN_BLOCK_CAPTURE_AUTORELEASING = YES;
				CLANG_WARN_BOOL_CONVERSION = YES;
				CLANG_WARN_COMMA = YES;
				CLANG_WARN_CONSTANT_CONVERSION = YES;
				CLANG_WARN_DIRECT_OBJC_ISA_USAGE = YES_ERROR;
				CLANG_WARN_DOCUMENTATION_COMMENTS = YES;
				CLANG_WARN_EMPTY_BODY = YES;
				CLANG_WARN_ENUM_CONVERSION = YES;
				CLANG_WARN_INFINITE_RECURSION = YES;
				CLANG_WARN_INT_CONVERSION = YES;
				CLANG_WARN_NON_LITERAL_NULL_CONVERSION = YES;
				CLANG_WARN_OBJC_LITERAL_CONVERSION = YES;
				CLANG_WARN_OBJC_ROOT_CLASS = YES_ERROR;
				CLANG_WARN_RANGE_LOOP_ANALYSIS = YES;
				CLANG_WARN_STRICT_PROTOTYPES = YES;
				CLANG_WARN_SUSPICIOUS_MOVE = YES;
				CLANG_WARN_UNGUARDED_AVAILABILITY = YES_AGGRESSIVE;
				CLANG_WARN_UNREACHABLE_CODE = YES;
				CLANG_WARN__DUPLICATE_METHOD_MATCH = YES;
				CODE_SIGN_IDENTITY = "iPhone Developer";
				COPY_PHASE_STRIP = NO;
				DEBUG_INFORMATION_FORMAT = dwarf;
				ENABLE_STRICT_OBJC_MSGSEND = YES;
				ENABLE_TESTABILITY = YES;
				GCC_C_LANGUAGE_STANDARD = gnu11;
				GCC_DYNAMIC_NO_PIC = NO;
				GCC_NO_COMMON_BLOCKS = YES;
				GCC_OPTIMIZATION_LEVEL = 0;
				GCC_PREPROCESSOR_DEFINITIONS = (
					"DEBUG=1",
					"$(inherited)",
				);
				GCC_WARN_64_TO_32_BIT_CONVERSION = YES;
				GCC_WARN_ABOUT_RETURN_TYPE = YES_ERROR;
				GCC_WARN_UNDECLARED_SELECTOR = YES;
				GCC_WARN_UNINITIALIZED_AUTOS = YES_AGGRESSIVE;
				GCC_WARN_UNUSED_FUNCTION = YES;
				GCC_WARN_UNUSED_VARIABLE = YES;
				IPHONEOS_DEPLOYMENT_TARGET = 11.1;
				MTL_ENABLE_DEBUG_INFO = YES;
				ONLY_ACTIVE_ARCH = YES;
				SDKROOT = iphoneos;
				SWIFT_ACTIVE_COMPILATION_CONDITIONS = DEBUG;
				SWIFT_OPTIMIZATION_LEVEL = "-Onone";
			};
			name = Debug;
		};
		D3C19CEF1FD5F04600AF63E0 /* Release */ = {
			isa = XCBuildConfiguration;
			buildSettings = {
				ALWAYS_SEARCH_USER_PATHS = NO;
				CLANG_ANALYZER_NONNULL = YES;
				CLANG_ANALYZER_NUMBER_OBJECT_CONVERSION = YES_AGGRESSIVE;
				CLANG_CXX_LANGUAGE_STANDARD = "gnu++14";
				CLANG_CXX_LIBRARY = "libc++";
				CLANG_ENABLE_MODULES = YES;
				CLANG_ENABLE_OBJC_ARC = YES;
				CLANG_WARN_BLOCK_CAPTURE_AUTORELEASING = YES;
				CLANG_WARN_BOOL_CONVERSION = YES;
				CLANG_WARN_COMMA = YES;
				CLANG_WARN_CONSTANT_CONVERSION = YES;
				CLANG_WARN_DIRECT_OBJC_ISA_USAGE = YES_ERROR;
				CLANG_WARN_DOCUMENTATION_COMMENTS = YES;
				CLANG_WARN_EMPTY_BODY = YES;
				CLANG_WARN_ENUM_CONVERSION = YES;
				CLANG_WARN_INFINITE_RECURSION = YES;
				CLANG_WARN_INT_CONVERSION = YES;
				CLANG_WARN_NON_LITERAL_NULL_CONVERSION = YES;
				CLANG_WARN_OBJC_LITERAL_CONVERSION = YES;
				CLANG_WARN_OBJC_ROOT_CLASS = YES_ERROR;
				CLANG_WARN_RANGE_LOOP_ANALYSIS = YES;
				CLANG_WARN_STRICT_PROTOTYPES = YES;
				CLANG_WARN_SUSPICIOUS_MOVE = YES;
				CLANG_WARN_UNGUARDED_AVAILABILITY = YES_AGGRESSIVE;
				CLANG_WARN_UNREACHABLE_CODE = YES;
				CLANG_WARN__DUPLICATE_METHOD_MATCH = YES;
				CODE_SIGN_IDENTITY = "iPhone Developer";
				COPY_PHASE_STRIP = NO;
				DEBUG_INFORMATION_FORMAT = "dwarf-with-dsym";
				ENABLE_NS_ASSERTIONS = NO;
				ENABLE_STRICT_OBJC_MSGSEND = YES;
				GCC_C_LANGUAGE_STANDARD = gnu11;
				GCC_NO_COMMON_BLOCKS = YES;
				GCC_WARN_64_TO_32_BIT_CONVERSION = YES;
				GCC_WARN_ABOUT_RETURN_TYPE = YES_ERROR;
				GCC_WARN_UNDECLARED_SELECTOR = YES;
				GCC_WARN_UNINITIALIZED_AUTOS = YES_AGGRESSIVE;
				GCC_WARN_UNUSED_FUNCTION = YES;
				GCC_WARN_UNUSED_VARIABLE = YES;
				IPHONEOS_DEPLOYMENT_TARGET = 11.1;
				MTL_ENABLE_DEBUG_INFO = NO;
				SDKROOT = iphoneos;
				SWIFT_OPTIMIZATION_LEVEL = "-Owholemodule";
				VALIDATE_PRODUCT = YES;
			};
			name = Release;
		};
		D3C19CF11FD5F04600AF63E0 /* Debug */ = {
			isa = XCBuildConfiguration;
			baseConfigurationReference = 3A3C4228FB011DD55757C0BA /* Pods-MaggysCleaningServices.debug.xcconfig */;
			buildSettings = {
				ASSETCATALOG_COMPILER_APPICON_NAME = AppIcon;
				CODE_SIGN_STYLE = Automatic;
				DEBUG_INFORMATION_FORMAT = "dwarf-with-dsym";
				DEVELOPMENT_TEAM = 27CK957U72;
				INFOPLIST_FILE = MaggysCleaningServices/Info.plist;
				LD_RUNPATH_SEARCH_PATHS = "$(inherited) @executable_path/Frameworks";
				PRODUCT_BUNDLE_IDENTIFIER = com.BrianLicea.MaggysCleaningServices;
				PRODUCT_NAME = "$(TARGET_NAME)";
				SWIFT_VERSION = 4.0;
				TARGETED_DEVICE_FAMILY = "1,2";
			};
			name = Debug;
		};
		D3C19CF21FD5F04600AF63E0 /* Release */ = {
			isa = XCBuildConfiguration;
			baseConfigurationReference = 742F76347EFF4C16A2565A9B /* Pods-MaggysCleaningServices.release.xcconfig */;
			buildSettings = {
				ASSETCATALOG_COMPILER_APPICON_NAME = AppIcon;
				CODE_SIGN_STYLE = Automatic;
				DEVELOPMENT_TEAM = 27CK957U72;
				INFOPLIST_FILE = MaggysCleaningServices/Info.plist;
				LD_RUNPATH_SEARCH_PATHS = "$(inherited) @executable_path/Frameworks";
				PRODUCT_BUNDLE_IDENTIFIER = com.BrianLicea.MaggysCleaningServices;
				PRODUCT_NAME = "$(TARGET_NAME)";
				SWIFT_VERSION = 4.0;
				TARGETED_DEVICE_FAMILY = "1,2";
			};
			name = Release;
		};
/* End XCBuildConfiguration section */

/* Begin XCConfigurationList section */
		D3C19CD91FD5F04600AF63E0 /* Build configuration list for PBXProject "MaggysCleaningServices" */ = {
			isa = XCConfigurationList;
			buildConfigurations = (
				D3C19CEE1FD5F04600AF63E0 /* Debug */,
				D3C19CEF1FD5F04600AF63E0 /* Release */,
			);
			defaultConfigurationIsVisible = 0;
			defaultConfigurationName = Release;
		};
		D3C19CF01FD5F04600AF63E0 /* Build configuration list for PBXNativeTarget "MaggysCleaningServices" */ = {
			isa = XCConfigurationList;
			buildConfigurations = (
				D3C19CF11FD5F04600AF63E0 /* Debug */,
				D3C19CF21FD5F04600AF63E0 /* Release */,
			);
			defaultConfigurationIsVisible = 0;
			defaultConfigurationName = Release;
		};
/* End XCConfigurationList section */
	};
	rootObject = D3C19CD61FD5F04600AF63E0 /* Project object */;
}
